
Microsoft Visual Studio Solution File, Format Version 12.00
# Visual Studio Version 17
VisualStudioVersion = 17.4.33403.182
MinimumVisualStudioVersion = 10.0.40219.1
Project("{FAE04EC0-301F-11D3-BF4B-00C04F79EFBC}") = "AimTrainer", "AimTrainer\AimTrainer.csproj", "{14657F8F-288F-4FED-BBC2-B58EE46541C5}"
EndProject
Global
	GlobalSection(SolutionConfigurationPlatforms) = preSolution
		Debug|Any CPU = Debug|Any CPU
		Release|Any CPU = Release|Any CPU
	EndGlobalSection
	GlobalSection(ProjectConfigurationPlatforms) = postSolution
		{14657F8F-288F-4FED-BBC2-B58EE46541C5}.Debug|Any CPU.ActiveCfg = Debug|Any CPU
		{14657F8F-288F-4FED-BBC2-B58EE46541C5}.Debug|Any CPU.Build.0 = Debug|Any CPU
		{14657F8F-288F-4FED-BBC2-B58EE46541C5}.Release|Any CPU.ActiveCfg = Release|Any CPU
		{14657F8F-288F-4FED-BBC2-B58EE46541C5}.Release|Any CPU.Build.0 = Release|Any CPU
	EndGlobalSection
	GlobalSection(SolutionProperties) = preSolution
		HideSolutionNode = FALSE
	EndGlobalSection
	GlobalSection(ExtensibilityGlobals) = postSolution
		SolutionGuid = {5E8F9E2A-EE89-4F60-BAEC-00375880E623}
	EndGlobalSection
EndGlobal
